{
  "version": 4,
  "terraform_version": "1.1.9",
  "serial": 9,
  "lineage": "26e74e89-43da-835c-bd1e-128d45fdddb6",
  "outputs": {},
  "resources": [
    {
      "mode": "data",
      "type": "azurerm_client_config",
      "name": "current",
      "provider": "provider[\"registry.terraform.io/hashicorp/azurerm\"]",
      "instances": [
        {
          "schema_version": 0,
          "attributes": {
            "client_id": "",
            "id": "2022-05-22 11:56:49.990205447 +0000 UTC",
            "object_id": "",
            "subscription_id": "f1236d4f-78b0-4b14-b0f5-a6b9838c9973",
            "tenant_id": "72f988bf-86f1-41af-91ab-2d7cd011db47",
            "timeouts": null
          },
          "sensitive_attributes": []
        }
      ]
    },
    {
      "mode": "managed",
      "type": "azurerm_app_service",
      "name": "hasura_app_service_container",
      "provider": "provider[\"registry.terraform.io/hashicorp/azurerm\"]",
      "instances": [
        {
          "schema_version": 0,
          "attributes": {
            "app_service_plan_id": "/subscriptions/f1236d4f-78b0-4b14-b0f5-a6b9838c9973/resourceGroups/hasuragraphql_grpdemo/providers/Microsoft.Web/serverfarms/my_service_plan",
            "app_settings": {
              "HASURA_GRAPHQL_DATABASE_URL": "postgres://postgres%40terrazuraserverfx:4-v3ry-53cr37-p455w0rd@terrazuraserverfx.postgres.database.azure.com:5432/terrazuradb",
              "HASURA_GRAPHQL_ENABLE_CONSOLE": "true",
              "HASURA_GRAPHQL_JWT_SECRET__": "{  \"jwk_url\" : https://login.windows.net/common/discovery/keys,   \"claims_map\" : {     \"x-hasura-allowed-roles\" : { \"path\": \"$.roles\" }, \"x-hasura-default-role\": { \"path\": \"$.roles[0]\" },     \"x-hasura-user-id\": { \"path\": \"$.oid\" }   } }",
              "HASURA_GRAPHQL_SERVER_PORT": "80"
            },
            "auth_settings": [
              {
                "active_directory": [],
                "additional_login_params": {},
                "allowed_external_redirect_urls": [],
                "default_provider": "",
                "enabled": false,
                "facebook": [],
                "google": [],
                "issuer": "",
                "microsoft": [],
                "runtime_version": "",
                "token_refresh_extension_hours": 0,
                "token_store_enabled": false,
                "twitter": [],
                "unauthenticated_client_action": ""
              }
            ],
            "backup": [],
            "client_affinity_enabled": false,
            "client_cert_enabled": false,
            "client_cert_mode": "Required",
            "connection_string": [],
            "custom_domain_verification_id": "E3EFFEBDED89CAD5513A80D44369C865374E5CEDF7C5E0A7E4C7397E3460A52A",
            "default_site_hostname": "elhasuragraphqlserver.azurewebsites.net",
            "enabled": true,
            "https_only": true,
            "id": "/subscriptions/f1236d4f-78b0-4b14-b0f5-a6b9838c9973/resourceGroups/hasuragraphql_grpdemo/providers/Microsoft.Web/sites/elhasuragraphqlserver",
            "identity": [
              {
                "identity_ids": null,
                "principal_id": "8c8f5ad8-326d-40d0-be00-a8868f3b8c70",
                "tenant_id": "72f988bf-86f1-41af-91ab-2d7cd011db47",
                "type": "SystemAssigned"
              }
            ],
            "key_vault_reference_identity_id": "SystemAssigned",
            "location": "francecentral",
            "logs": [
              {
                "application_logs": [
                  {
                    "azure_blob_storage": [],
                    "file_system_level": "Off"
                  }
                ],
                "detailed_error_messages_enabled": false,
                "failed_request_tracing_enabled": false,
                "http_logs": [
                  {
                    "azure_blob_storage": [],
                    "file_system": []
                  }
                ]
              }
            ],
            "name": "elhasuragraphqlserver",
            "outbound_ip_address_list": [
              "20.40.148.188",
              "20.40.148.201",
              "20.40.148.202",
              "20.40.148.207",
              "20.40.148.216",
              "20.40.148.220",
              "20.43.43.32"
            ],
            "outbound_ip_addresses": "20.40.148.188,20.40.148.201,20.40.148.202,20.40.148.207,20.40.148.216,20.40.148.220,20.43.43.32",
            "possible_outbound_ip_address_list": [
              "20.40.148.89",
              "20.40.148.122",
              "20.40.148.147",
              "20.40.148.153",
              "20.40.148.178",
              "20.40.148.184",
              "20.40.148.188",
              "20.40.148.201",
              "20.40.148.202",
              "20.40.148.207",
              "20.40.148.216",
              "20.40.148.220",
              "20.40.148.224",
              "20.40.148.227",
              "20.40.148.252",
              "20.40.149.13",
              "20.40.149.18",
              "20.40.149.32",
              "40.66.60.83",
              "40.66.61.60",
              "20.74.16.252",
              "20.74.17.94",
              "20.74.17.20",
              "20.74.17.129",
              "20.43.43.32"
            ],
            "possible_outbound_ip_addresses": "20.40.148.89,20.40.148.122,20.40.148.147,20.40.148.153,20.40.148.178,20.40.148.184,20.40.148.188,20.40.148.201,20.40.148.202,20.40.148.207,20.40.148.216,20.40.148.220,20.40.148.224,20.40.148.227,20.40.148.252,20.40.149.13,20.40.149.18,20.40.149.32,40.66.60.83,40.66.61.60,20.74.16.252,20.74.17.94,20.74.17.20,20.74.17.129,20.43.43.32",
            "resource_group_name": "hasuragraphql_grpdemo",
            "site_config": [
              {
                "acr_use_managed_identity_credentials": false,
                "acr_user_managed_identity_client_id": "",
                "always_on": true,
                "app_command_line": "graphql-engine serve --server-port 80 --enable-console",
                "auto_swap_slot_name": "",
                "cors": [
                  {
                    "allowed_origins": [],
                    "support_credentials": false
                  }
                ],
                "default_documents": null,
                "dotnet_framework_version": "v4.0",
                "ftps_state": "AllAllowed",
                "health_check_path": "",
                "http2_enabled": false,
                "ip_restriction": [],
                "java_container": "",
                "java_container_version": "",
                "java_version": "",
                "linux_fx_version": "DOCKER|hasura/graphql-engine:v2.0.1",
                "local_mysql_enabled": false,
                "managed_pipeline_mode": "Integrated",
                "min_tls_version": "1.2",
                "number_of_workers": 1,
                "php_version": "",
                "python_version": "",
                "remote_debugging_enabled": false,
                "remote_debugging_version": "VS2019",
                "scm_ip_restriction": [],
                "scm_type": "None",
                "scm_use_main_ip_restriction": false,
                "use_32_bit_worker_process": false,
                "vnet_route_all_enabled": false,
                "websockets_enabled": false,
                "windows_fx_version": ""
              }
            ],
            "site_credential": [
              {
                "password": "PkWHSYvqig34BGfC2ngrNXbcleR7r0FEiSvbhNvDk1somm3guQf5jeuburou",
                "username": "$elhasuragraphqlserver"
              }
            ],
            "source_control": [
              {
                "branch": "main",
                "manual_integration": false,
                "repo_url": "",
                "rollback_enabled": false,
                "use_mercurial": false
              }
            ],
            "storage_account": [],
            "tags": null,
            "timeouts": null
          },
          "sensitive_attributes": [],
          "private": "eyJlMmJmYjczMC1lY2FhLTExZTYtOGY4OC0zNDM2M2JjN2M0YzAiOnsiY3JlYXRlIjoxODAwMDAwMDAwMDAwLCJkZWxldGUiOjE4MDAwMDAwMDAwMDAsInJlYWQiOjMwMDAwMDAwMDAwMCwidXBkYXRlIjoxODAwMDAwMDAwMDAwfX0=",
          "dependencies": [
            "azurerm_app_service_plan.my_service_plan",
            "azurerm_postgresql_server.terrazuraserver",
            "azurerm_resource_group.terrazuragrp"
          ]
        }
      ]
    },
    {
      "mode": "managed",
      "type": "azurerm_app_service_plan",
      "name": "my_service_plan",
      "provider": "provider[\"registry.terraform.io/hashicorp/azurerm\"]",
      "instances": [
        {
          "schema_version": 0,
          "attributes": {
            "app_service_environment_id": "",
            "id": "/subscriptions/f1236d4f-78b0-4b14-b0f5-a6b9838c9973/resourceGroups/hasuragraphql_grpdemo/providers/Microsoft.Web/serverfarms/my_service_plan",
            "is_xenon": false,
            "kind": "linux",
            "location": "francecentral",
            "maximum_elastic_worker_count": 1,
            "maximum_number_of_workers": 30,
            "name": "my_service_plan",
            "per_site_scaling": false,
            "reserved": true,
            "resource_group_name": "hasuragraphql_grpdemo",
            "sku": [
              {
                "capacity": 1,
                "size": "P1v2",
                "tier": "PremiumV2"
              }
            ],
            "tags": null,
            "timeouts": null,
            "zone_redundant": false
          },
          "sensitive_attributes": [],
          "private": "eyJlMmJmYjczMC1lY2FhLTExZTYtOGY4OC0zNDM2M2JjN2M0YzAiOnsiY3JlYXRlIjozNjAwMDAwMDAwMDAwLCJkZWxldGUiOjM2MDAwMDAwMDAwMDAsInJlYWQiOjMwMDAwMDAwMDAwMCwidXBkYXRlIjozNjAwMDAwMDAwMDAwfX0=",
          "dependencies": [
            "azurerm_resource_group.terrazuragrp"
          ]
        }
      ]
    },
    {
      "mode": "managed",
      "type": "azurerm_key_vault",
      "name": "default",
      "provider": "provider[\"registry.terraform.io/hashicorp/azurerm\"]",
      "instances": [
        {
          "schema_version": 2,
          "attributes": {
            "access_policy": [],
            "contact": [],
            "enable_rbac_authorization": false,
            "enabled_for_deployment": false,
            "enabled_for_disk_encryption": false,
            "enabled_for_template_deployment": false,
            "id": "/subscriptions/f1236d4f-78b0-4b14-b0f5-a6b9838c9973/resourceGroups/hasuragraphql_grpdemo/providers/Microsoft.KeyVault/vaults/keyvault645f85dd0f",
            "location": "francecentral",
            "name": "keyvault645f85dd0f",
            "network_acls": [
              {
                "bypass": "AzureServices",
                "default_action": "Allow",
                "ip_rules": [],
                "virtual_network_subnet_ids": []
              }
            ],
            "purge_protection_enabled": false,
            "resource_group_name": "hasuragraphql_grpdemo",
            "sku_name": "standard",
            "soft_delete_retention_days": 7,
            "tags": null,
            "tenant_id": "72f988bf-86f1-41af-91ab-2d7cd011db47",
            "timeouts": null,
            "vault_uri": "https://keyvault645f85dd0f.vault.azure.net/"
          },
          "sensitive_attributes": [],
          "private": "eyJlMmJmYjczMC1lY2FhLTExZTYtOGY4OC0zNDM2M2JjN2M0YzAiOnsiY3JlYXRlIjoxODAwMDAwMDAwMDAwLCJkZWxldGUiOjE4MDAwMDAwMDAwMDAsInJlYWQiOjMwMDAwMDAwMDAwMCwidXBkYXRlIjoxODAwMDAwMDAwMDAwfSwic2NoZW1hX3ZlcnNpb24iOiIyIn0=",
          "dependencies": [
            "azurerm_resource_group.terrazuragrp",
            "data.azurerm_client_config.current",
            "random_id.kvname"
          ]
        }
      ]
    },
    {
      "mode": "managed",
      "type": "azurerm_postgresql_database",
      "name": "terrazuradb",
      "provider": "provider[\"registry.terraform.io/hashicorp/azurerm\"]",
      "instances": [
        {
          "schema_version": 0,
          "attributes": {
            "charset": "UTF8",
            "collation": "English_United States.1252",
            "id": "/subscriptions/f1236d4f-78b0-4b14-b0f5-a6b9838c9973/resourceGroups/hasuragraphql_grpdemo/providers/Microsoft.DBforPostgreSQL/servers/terrazuraserverfx/databases/terrazuradb",
            "name": "terrazuradb",
            "resource_group_name": "hasuragraphql_grpdemo",
            "server_name": "terrazuraserverfx",
            "timeouts": null
          },
          "sensitive_attributes": [],
          "private": "eyJlMmJmYjczMC1lY2FhLTExZTYtOGY4OC0zNDM2M2JjN2M0YzAiOnsiY3JlYXRlIjozNjAwMDAwMDAwMDAwLCJkZWxldGUiOjM2MDAwMDAwMDAwMDAsInJlYWQiOjMwMDAwMDAwMDAwMCwidXBkYXRlIjozNjAwMDAwMDAwMDAwfX0=",
          "dependencies": [
            "azurerm_postgresql_server.terrazuraserver",
            "azurerm_resource_group.terrazuragrp"
          ]
        }
      ]
    },
    {
      "mode": "managed",
      "type": "azurerm_postgresql_firewall_rule",
      "name": "terrazurarule",
      "provider": "provider[\"registry.terraform.io/hashicorp/azurerm\"]",
      "instances": [
        {
          "schema_version": 0,
          "attributes": {
            "end_ip_address": "0.0.0.0",
            "id": "/subscriptions/f1236d4f-78b0-4b14-b0f5-a6b9838c9973/resourceGroups/hasuragraphql_grpdemo/providers/Microsoft.DBforPostgreSQL/servers/terrazuraserverfx/firewallRules/allow-azure-internal",
            "name": "allow-azure-internal",
            "resource_group_name": "hasuragraphql_grpdemo",
            "server_name": "terrazuraserverfx",
            "start_ip_address": "0.0.0.0",
            "timeouts": null
          },
          "sensitive_attributes": [],
          "private": "eyJlMmJmYjczMC1lY2FhLTExZTYtOGY4OC0zNDM2M2JjN2M0YzAiOnsiY3JlYXRlIjoxODAwMDAwMDAwMDAwLCJkZWxldGUiOjE4MDAwMDAwMDAwMDAsInJlYWQiOjMwMDAwMDAwMDAwMCwidXBkYXRlIjoxODAwMDAwMDAwMDAwfX0=",
          "dependencies": [
            "azurerm_postgresql_server.terrazuraserver",
            "azurerm_resource_group.terrazuragrp"
          ]
        }
      ]
    },
    {
      "mode": "managed",
      "type": "azurerm_postgresql_server",
      "name": "terrazuraserver",
      "provider": "provider[\"registry.terraform.io/hashicorp/azurerm\"]",
      "instances": [
        {
          "schema_version": 0,
          "attributes": {
            "administrator_login": "postgres",
            "administrator_login_password": "4-v3ry-53cr37-p455w0rd",
            "auto_grow_enabled": true,
            "backup_retention_days": 7,
            "create_mode": "Default",
            "creation_source_server_id": null,
            "fqdn": "terrazuraserverfx.postgres.database.azure.com",
            "geo_redundant_backup_enabled": false,
            "id": "/subscriptions/f1236d4f-78b0-4b14-b0f5-a6b9838c9973/resourceGroups/hasuragraphql_grpdemo/providers/Microsoft.DBforPostgreSQL/servers/terrazuraserverfx",
            "identity": [],
            "infrastructure_encryption_enabled": false,
            "location": "francecentral",
            "name": "terrazuraserverfx",
            "public_network_access_enabled": true,
            "resource_group_name": "hasuragraphql_grpdemo",
            "restore_point_in_time": null,
            "sku_name": "B_Gen5_2",
            "ssl_enforcement_enabled": true,
            "ssl_minimal_tls_version_enforced": "TLS1_2",
            "storage_mb": 5120,
            "tags": null,
            "threat_detection_policy": [],
            "timeouts": null,
            "version": "11"
          },
          "sensitive_attributes": [],
          "private": "eyJlMmJmYjczMC1lY2FhLTExZTYtOGY4OC0zNDM2M2JjN2M0YzAiOnsiY3JlYXRlIjozNjAwMDAwMDAwMDAwLCJkZWxldGUiOjM2MDAwMDAwMDAwMDAsInJlYWQiOjMwMDAwMDAwMDAwMCwidXBkYXRlIjozNjAwMDAwMDAwMDAwfX0=",
          "dependencies": [
            "azurerm_resource_group.terrazuragrp"
          ]
        }
      ]
    },
    {
      "mode": "managed",
      "type": "azurerm_resource_group",
      "name": "terrazuragrp",
      "provider": "provider[\"registry.terraform.io/hashicorp/azurerm\"]",
      "instances": [
        {
          "schema_version": 0,
          "attributes": {
            "id": "/subscriptions/f1236d4f-78b0-4b14-b0f5-a6b9838c9973/resourceGroups/hasuragraphql_grpdemo",
            "location": "francecentral",
            "name": "hasuragraphql_grpdemo",
            "tags": null,
            "timeouts": null
          },
          "sensitive_attributes": [],
          "private": "eyJlMmJmYjczMC1lY2FhLTExZTYtOGY4OC0zNDM2M2JjN2M0YzAiOnsiY3JlYXRlIjo1NDAwMDAwMDAwMDAwLCJkZWxldGUiOjU0MDAwMDAwMDAwMDAsInJlYWQiOjMwMDAwMDAwMDAwMCwidXBkYXRlIjo1NDAwMDAwMDAwMDAwfX0="
        }
      ]
    },
    {
      "mode": "managed",
      "type": "random_id",
      "name": "kvname",
      "provider": "provider[\"registry.terraform.io/hashicorp/random\"]",
      "instances": [
        {
          "schema_version": 0,
          "attributes": {
            "b64_std": "keyvaultZF+F3Q8=",
            "b64_url": "keyvaultZF-F3Q8",
            "byte_length": 5,
            "dec": "keyvault431099337999",
            "hex": "keyvault645f85dd0f",
            "id": "ZF-F3Q8",
            "keepers": null,
            "prefix": "keyvault"
          },
          "sensitive_attributes": [],
          "private": "bnVsbA=="
        }
      ]
    }
  ]
}
